
Microsoft Visual Studio Solution File, Format Version 12.00
# Visual Studio Version 17
VisualStudioVersion = 17.2.32616.157
MinimumVisualStudioVersion = 10.0.40219.1
Project("{9A19103F-16F7-4668-BE54-9A1E7A4F7556}") = "BookStoreNew.Api", "BookStoreNew.Api\BookStoreNew.Api.csproj", "{84E33BA5-EB45-4D20-A5C8-3B417FA329A1}"
EndProject
Project("{9A19103F-16F7-4668-BE54-9A1E7A4F7556}") = "BookStoreNew.Models", "BookStoreNew.Models\BookStoreNew.Models.csproj", "{2F4C3E1D-F59D-4C7A-9974-0B982AA5E36D}"
EndProject
Project("{FAE04EC0-301F-11D3-BF4B-00C04F79EFBC}") = "BookStoreNew.Repository", "BookStoreNew.Repository\BookStoreNew.Repository.csproj", "{14F6FD1C-AC3C-4723-BDA6-D5490ACD67BF}"
EndProject
Global
	GlobalSection(SolutionConfigurationPlatforms) = preSolution
		Debug|Any CPU = Debug|Any CPU
		Release|Any CPU = Release|Any CPU
	EndGlobalSection
	GlobalSection(ProjectConfigurationPlatforms) = postSolution
		{84E33BA5-EB45-4D20-A5C8-3B417FA329A1}.Debug|Any CPU.ActiveCfg = Debug|Any CPU
		{84E33BA5-EB45-4D20-A5C8-3B417FA329A1}.Debug|Any CPU.Build.0 = Debug|Any CPU
		{84E33BA5-EB45-4D20-A5C8-3B417FA329A1}.Release|Any CPU.ActiveCfg = Release|Any CPU
		{84E33BA5-EB45-4D20-A5C8-3B417FA329A1}.Release|Any CPU.Build.0 = Release|Any CPU
		{2F4C3E1D-F59D-4C7A-9974-0B982AA5E36D}.Debug|Any CPU.ActiveCfg = Debug|Any CPU
		{2F4C3E1D-F59D-4C7A-9974-0B982AA5E36D}.Debug|Any CPU.Build.0 = Debug|Any CPU
		{2F4C3E1D-F59D-4C7A-9974-0B982AA5E36D}.Release|Any CPU.ActiveCfg = Release|Any CPU
		{2F4C3E1D-F59D-4C7A-9974-0B982AA5E36D}.Release|Any CPU.Build.0 = Release|Any CPU
		{14F6FD1C-AC3C-4723-BDA6-D5490ACD67BF}.Debug|Any CPU.ActiveCfg = Debug|Any CPU
		{14F6FD1C-AC3C-4723-BDA6-D5490ACD67BF}.Debug|Any CPU.Build.0 = Debug|Any CPU
		{14F6FD1C-AC3C-4723-BDA6-D5490ACD67BF}.Release|Any CPU.ActiveCfg = Release|Any CPU
		{14F6FD1C-AC3C-4723-BDA6-D5490ACD67BF}.Release|Any CPU.Build.0 = Release|Any CPU
	EndGlobalSection
	GlobalSection(SolutionProperties) = preSolution
		HideSolutionNode = FALSE
	EndGlobalSection
	GlobalSection(ExtensibilityGlobals) = postSolution
		SolutionGuid = {053A535F-FAD1-4653-AC92-00F98FB1FD5A}
	EndGlobalSection
EndGlobal
